
Microsoft Visual Studio Solution File, Format Version 12.00
# Visual Studio Version 16
VisualStudioVersion = 16.0.29613.14
MinimumVisualStudioVersion = 10.0.40219.1
Project("{2150E333-8FDC-42A3-9474-1A3956D46DE8}") = "Solution Items", "Solution Items", "{5BBEB846-2945-4C5F-91B4-771EEC14DCB1}"
	ProjectSection(SolutionItems) = preProject
		.editorconfig = .editorconfig
		LICENSE = LICENSE
		readme.md = readme.md
		Test.RaspberryNet.sln.licenseheader = Test.RaspberryNet.sln.licenseheader
	EndProjectSection
EndProject
Project("{FAE04EC0-301F-11D3-BF4B-00C04F79EFBC}") = "Test.RPiConsoleNet", "Test.RPiConsoleNet\Test.RPiConsoleNet.csproj", "{3FC0863B-677D-40DC-9CB7-745ABF872D39}"
EndProject
Project("{FAE04EC0-301F-11D3-BF4B-00C04F79EFBC}") = "Test.RPiWinNet", "Test.RPiWinNet\Test.RPiWinNet.csproj", "{200BC1A0-8477-47C8-B3B2-FA17EFA7FBD5}"
EndProject
Global
	GlobalSection(SolutionConfigurationPlatforms) = preSolution
		Debug|Any CPU = Debug|Any CPU
		Release|Any CPU = Release|Any CPU
	EndGlobalSection
	GlobalSection(ProjectConfigurationPlatforms) = postSolution
		{3FC0863B-677D-40DC-9CB7-745ABF872D39}.Debug|Any CPU.ActiveCfg = Debug|Any CPU
		{3FC0863B-677D-40DC-9CB7-745ABF872D39}.Debug|Any CPU.Build.0 = Debug|Any CPU
		{3FC0863B-677D-40DC-9CB7-745ABF872D39}.Release|Any CPU.ActiveCfg = Release|Any CPU
		{3FC0863B-677D-40DC-9CB7-745ABF872D39}.Release|Any CPU.Build.0 = Release|Any CPU
		{200BC1A0-8477-47C8-B3B2-FA17EFA7FBD5}.Debug|Any CPU.ActiveCfg = Debug|Any CPU
		{200BC1A0-8477-47C8-B3B2-FA17EFA7FBD5}.Debug|Any CPU.Build.0 = Debug|Any CPU
		{200BC1A0-8477-47C8-B3B2-FA17EFA7FBD5}.Release|Any CPU.ActiveCfg = Release|Any CPU
		{200BC1A0-8477-47C8-B3B2-FA17EFA7FBD5}.Release|Any CPU.Build.0 = Release|Any CPU
	EndGlobalSection
	GlobalSection(SolutionProperties) = preSolution
		HideSolutionNode = FALSE
	EndGlobalSection
	GlobalSection(ExtensibilityGlobals) = postSolution
		SolutionGuid = {64A1C2F2-C87A-40CE-9971-BB9015A7E754}
	EndGlobalSection
EndGlobal
